// !$*UTF8*$!
{
	archiveVersion = 1;
	classes = {
	};
	objectVersion = 51;
	objects = {

/* Begin PBXBuildFile section */
		A0214AFC26AFEDAF002876B6 /* SDAlertAnimation.swift in Sources */ = {isa = PBXBuildFile; fileRef = A0214ABE26AFEDAF002876B6 /* SDAlertAnimation.swift */; };
		A0214AFD26AFEDAF002876B6 /* SDAlertPresentationController.swift in Sources */ = {isa = PBXBuildFile; fileRef = A0214ABF26AFEDAF002876B6 /* SDAlertPresentationController.swift */; };
		A0214AFE26AFEDAF002876B6 /* SDCustomAlertController.swift in Sources */ = {isa = PBXBuildFile; fileRef = A0214AC026AFEDAF002876B6 /* SDCustomAlertController.swift */; };
		A0214AFF26AFEDAF002876B6 /* SDInteractiveTransition.swift in Sources */ = {isa = PBXBuildFile; fileRef = A0214AC126AFEDAF002876B6 /* SDInteractiveTransition.swift */; };
		A0214B0026AFEDAF002876B6 /* SDOverlayView.swift in Sources */ = {isa = PBXBuildFile; fileRef = A0214AC226AFEDAF002876B6 /* SDOverlayView.swift */; };
		A0214B0126AFEDAF002876B6 /* JXSegmentedTitleOrImageItemModel.swift in Sources */ = {isa = PBXBuildFile; fileRef = A0214AC526AFEDAF002876B6 /* JXSegmentedTitleOrImageItemModel.swift */; };
		A0214B0226AFEDAF002876B6 /* JXSegmentedTitleOrImageDataSource.swift in Sources */ = {isa = PBXBuildFile; fileRef = A0214AC626AFEDAF002876B6 /* JXSegmentedTitleOrImageDataSource.swift */; };
		A0214B0326AFEDAF002876B6 /* JXSegmentedTitleOrImageCell.swift in Sources */ = {isa = PBXBuildFile; fileRef = A0214AC726AFEDAF002876B6 /* JXSegmentedTitleOrImageCell.swift */; };
		A0214B0426AFEDAF002876B6 /* JXSegmentedBaseDataSource.swift in Sources */ = {isa = PBXBuildFile; fileRef = A0214AC926AFEDAF002876B6 /* JXSegmentedBaseDataSource.swift */; };
		A0214B0526AFEDAF002876B6 /* JXSegmentedBaseItemModel.swift in Sources */ = {isa = PBXBuildFile; fileRef = A0214ACA26AFEDAF002876B6 /* JXSegmentedBaseItemModel.swift */; };
		A0214B0626AFEDAF002876B6 /* JXSegmentedBaseCell.swift in Sources */ = {isa = PBXBuildFile; fileRef = A0214ACB26AFEDAF002876B6 /* JXSegmentedBaseCell.swift */; };
		A0214B0726AFEDAF002876B6 /* JXSegmentedCollectionView.swift in Sources */ = {isa = PBXBuildFile; fileRef = A0214ACC26AFEDAF002876B6 /* JXSegmentedCollectionView.swift */; };
		A0214B0826AFEDAF002876B6 /* JXSegmentedView.swift in Sources */ = {isa = PBXBuildFile; fileRef = A0214ACD26AFEDAF002876B6 /* JXSegmentedView.swift */; };
		A0214B0926AFEDAF002876B6 /* JXSegmentedIndicatorDotLineView.swift in Sources */ = {isa = PBXBuildFile; fileRef = A0214ACF26AFEDAF002876B6 /* JXSegmentedIndicatorDotLineView.swift */; };
		A0214B0A26AFEDAF002876B6 /* JXSegmentedIndicatorGradientView.swift in Sources */ = {isa = PBXBuildFile; fileRef = A0214AD026AFEDAF002876B6 /* JXSegmentedIndicatorGradientView.swift */; };
		A0214B0B26AFEDAF002876B6 /* JXSegmentedIndicatorTriangleView.swift in Sources */ = {isa = PBXBuildFile; fileRef = A0214AD126AFEDAF002876B6 /* JXSegmentedIndicatorTriangleView.swift */; };
		A0214B0C26AFEDAF002876B6 /* JXSegmentedIndicatorBaseView.swift in Sources */ = {isa = PBXBuildFile; fileRef = A0214AD226AFEDAF002876B6 /* JXSegmentedIndicatorBaseView.swift */; };
		A0214B0D26AFEDAF002876B6 /* JXSegmentedIndicatorRainbowLineView.swift in Sources */ = {isa = PBXBuildFile; fileRef = A0214AD326AFEDAF002876B6 /* JXSegmentedIndicatorRainbowLineView.swift */; };
		A0214B0E26AFEDAF002876B6 /* JXSegmentedIndicatorGradientLineView.swift in Sources */ = {isa = PBXBuildFile; fileRef = A0214AD426AFEDAF002876B6 /* JXSegmentedIndicatorGradientLineView.swift */; };
		A0214B0F26AFEDB0002876B6 /* JXSegmentedIndicatorParams.swift in Sources */ = {isa = PBXBuildFile; fileRef = A0214AD526AFEDAF002876B6 /* JXSegmentedIndicatorParams.swift */; };
		A0214B1026AFEDB0002876B6 /* JXSegmentedIndicatorImageView.swift in Sources */ = {isa = PBXBuildFile; fileRef = A0214AD626AFEDAF002876B6 /* JXSegmentedIndicatorImageView.swift */; };
		A0214B1126AFEDB0002876B6 /* JXSegmentedIndicatorBackgroundView.swift in Sources */ = {isa = PBXBuildFile; fileRef = A0214AD726AFEDAF002876B6 /* JXSegmentedIndicatorBackgroundView.swift */; };
		A0214B1226AFEDB0002876B6 /* JXSegmentedIndicatorLineView.swift in Sources */ = {isa = PBXBuildFile; fileRef = A0214AD826AFEDAF002876B6 /* JXSegmentedIndicatorLineView.swift */; };
		A0214B1326AFEDB0002876B6 /* JXSegmentedIndicatorProtocol.swift in Sources */ = {isa = PBXBuildFile; fileRef = A0214AD926AFEDAF002876B6 /* JXSegmentedIndicatorProtocol.swift */; };
		A0214B1426AFEDB0002876B6 /* JXSegmentedIndicatorDoubleLineView.swift in Sources */ = {isa = PBXBuildFile; fileRef = A0214ADA26AFEDAF002876B6 /* JXSegmentedIndicatorDoubleLineView.swift */; };
		A0214B1526AFEDB0002876B6 /* JXSegmentedComponetGradientView.swift in Sources */ = {isa = PBXBuildFile; fileRef = A0214ADB26AFEDAF002876B6 /* JXSegmentedComponetGradientView.swift */; };
		A0214B1626AFEDB0002876B6 /* JXSegmentedDotCell.swift in Sources */ = {isa = PBXBuildFile; fileRef = A0214ADD26AFEDAF002876B6 /* JXSegmentedDotCell.swift */; };
		A0214B1726AFEDB0002876B6 /* JXSegmentedDotDataSource.swift in Sources */ = {isa = PBXBuildFile; fileRef = A0214ADE26AFEDAF002876B6 /* JXSegmentedDotDataSource.swift */; };
		A0214B1826AFEDB0002876B6 /* JXSegmentedDotItemModel.swift in Sources */ = {isa = PBXBuildFile; fileRef = A0214ADF26AFEDAF002876B6 /* JXSegmentedDotItemModel.swift */; };
		A0214B1926AFEDB0002876B6 /* JXSegmentedTitleImageCell.swift in Sources */ = {isa = PBXBuildFile; fileRef = A0214AE126AFEDAF002876B6 /* JXSegmentedTitleImageCell.swift */; };
		A0214B1A26AFEDB0002876B6 /* JXSegmentedTitleImageItemModel.swift in Sources */ = {isa = PBXBuildFile; fileRef = A0214AE226AFEDAF002876B6 /* JXSegmentedTitleImageItemModel.swift */; };
		A0214B1B26AFEDB0002876B6 /* JXSegmentedTitleImageDataSource.swift in Sources */ = {isa = PBXBuildFile; fileRef = A0214AE326AFEDAF002876B6 /* JXSegmentedTitleImageDataSource.swift */; };
		A0214B1C26AFEDB0002876B6 /* JXSegmentedTitleCell.swift in Sources */ = {isa = PBXBuildFile; fileRef = A0214AE526AFEDAF002876B6 /* JXSegmentedTitleCell.swift */; };
		A0214B1D26AFEDB0002876B6 /* JXSegmentedTitleItemModel.swift in Sources */ = {isa = PBXBuildFile; fileRef = A0214AE626AFEDAF002876B6 /* JXSegmentedTitleItemModel.swift */; };
		A0214B1E26AFEDB0002876B6 /* JXSegmentedTitleDataSource.swift in Sources */ = {isa = PBXBuildFile; fileRef = A0214AE726AFEDAF002876B6 /* JXSegmentedTitleDataSource.swift */; };
		A0214B1F26AFEDB0002876B6 /* JXSegmentedTitleGradientDataSource.swift in Sources */ = {isa = PBXBuildFile; fileRef = A0214AE926AFEDAF002876B6 /* JXSegmentedTitleGradientDataSource.swift */; };
		A0214B2026AFEDB0002876B6 /* JXSegmentedTitleGradientCell.swift in Sources */ = {isa = PBXBuildFile; fileRef = A0214AEA26AFEDAF002876B6 /* JXSegmentedTitleGradientCell.swift */; };
		A0214B2126AFEDB0002876B6 /* JXSegmentedTitleGradientItemModel.swift in Sources */ = {isa = PBXBuildFile; fileRef = A0214AEB26AFEDAF002876B6 /* JXSegmentedTitleGradientItemModel.swift */; };
		A0214B2226AFEDB0002876B6 /* JXSegmentedNumberDataSource.swift in Sources */ = {isa = PBXBuildFile; fileRef = A0214AED26AFEDAF002876B6 /* JXSegmentedNumberDataSource.swift */; };
		A0214B2326AFEDB0002876B6 /* JXSegmentedNumberItemModel.swift in Sources */ = {isa = PBXBuildFile; fileRef = A0214AEE26AFEDAF002876B6 /* JXSegmentedNumberItemModel.swift */; };
		A0214B2426AFEDB0002876B6 /* JXSegmentedNumberCell.swift in Sources */ = {isa = PBXBuildFile; fileRef = A0214AEF26AFEDAF002876B6 /* JXSegmentedNumberCell.swift */; };
		A0214B2526AFEDB0002876B6 /* JXSegmentedListContainerView.swift in Sources */ = {isa = PBXBuildFile; fileRef = A0214AF126AFEDAF002876B6 /* JXSegmentedListContainerView.swift */; };
		A0214B2626AFEDB0002876B6 /* JXSegmentedRTLLayout.swift in Sources */ = {isa = PBXBuildFile; fileRef = A0214AF226AFEDAF002876B6 /* JXSegmentedRTLLayout.swift */; };
		A0214B2726AFEDB0002876B6 /* JXSegmentedAnimator.swift in Sources */ = {isa = PBXBuildFile; fileRef = A0214AF326AFEDAF002876B6 /* JXSegmentedAnimator.swift */; };
		A0214B2826AFEDB0002876B6 /* JXSegmentedViewTool.swift in Sources */ = {isa = PBXBuildFile; fileRef = A0214AF426AFEDAF002876B6 /* JXSegmentedViewTool.swift */; };
		A0214B2926AFEDB0002876B6 /* JXSegmentedTitleAttributeDataSource.swift in Sources */ = {isa = PBXBuildFile; fileRef = A0214AF626AFEDAF002876B6 /* JXSegmentedTitleAttributeDataSource.swift */; };
		A0214B2A26AFEDB0002876B6 /* JXSegmentedTitleAttributeItemModel.swift in Sources */ = {isa = PBXBuildFile; fileRef = A0214AF726AFEDAF002876B6 /* JXSegmentedTitleAttributeItemModel.swift */; };
		A0214B2B26AFEDB0002876B6 /* JXSegmentedTitleAttributeCell.swift in Sources */ = {isa = PBXBuildFile; fileRef = A0214AF826AFEDAF002876B6 /* JXSegmentedTitleAttributeCell.swift */; };
		A0214B2C26AFEDB0002876B6 /* SDSpecialActionSheetView.swift in Sources */ = {isa = PBXBuildFile; fileRef = A0214AF926AFEDAF002876B6 /* SDSpecialActionSheetView.swift */; };
		A0214B2E26AFEDB0002876B6 /* SDActionSheetView.swift in Sources */ = {isa = PBXBuildFile; fileRef = A0214AFB26AFEDAF002876B6 /* SDActionSheetView.swift */; };
		A0214B3326AFEEC8002876B6 /* SDAlterVC.swift in Sources */ = {isa = PBXBuildFile; fileRef = A0214B3226AFEEC8002876B6 /* SDAlterVC.swift */; };
		A02F24F32655F81C002614A0 /* SDKeyboardProtocolVC.swift in Sources */ = {isa = PBXBuildFile; fileRef = A02F24F22655F81C002614A0 /* SDKeyboardProtocolVC.swift */; };
		A02F24FE2655F848002614A0 /* SDKeyboardProtocol.swift in Sources */ = {isa = PBXBuildFile; fileRef = A02F24FD2655F848002614A0 /* SDKeyboardProtocol.swift */; };
		A034F655263911680096D7D2 /* Extension+Array.swift in Sources */ = {isa = PBXBuildFile; fileRef = A034F654263911680096D7D2 /* Extension+Array.swift */; };
		A05BA70626AADE86005D08F5 /* category.json in Resources */ = {isa = PBXBuildFile; fileRef = A05BA70526AADE86005D08F5 /* category.json */; };
		A05BA71826AADE97005D08F5 /* product_156.json in Resources */ = {isa = PBXBuildFile; fileRef = A05BA70A26AADE96005D08F5 /* product_156.json */; };
		A05BA71926AADE97005D08F5 /* product_117.json in Resources */ = {isa = PBXBuildFile; fileRef = A05BA70B26AADE96005D08F5 /* product_117.json */; };
		A05BA71A26AADE97005D08F5 /* product_61.json in Resources */ = {isa = PBXBuildFile; fileRef = A05BA70C26AADE96005D08F5 /* product_61.json */; };
		A05BA71B26AADE97005D08F5 /* product_132.json in Resources */ = {isa = PBXBuildFile; fileRef = A05BA70D26AADE96005D08F5 /* product_132.json */; };
		A05BA71C26AADE97005D08F5 /* product_158.json in Resources */ = {isa = PBXBuildFile; fileRef = A05BA70E26AADE96005D08F5 /* product_158.json */; };
		A05BA71D26AADE97005D08F5 /* product_154.json in Resources */ = {isa = PBXBuildFile; fileRef = A05BA70F26AADE96005D08F5 /* product_154.json */; };
		A05BA71E26AADE97005D08F5 /* product_64.json in Resources */ = {isa = PBXBuildFile; fileRef = A05BA71026AADE96005D08F5 /* product_64.json */; };
		A05BA71F26AADE97005D08F5 /* product_118.json in Resources */ = {isa = PBXBuildFile; fileRef = A05BA71126AADE96005D08F5 /* product_118.json */; };
		A05BA72026AADE97005D08F5 /* product_133.json in Resources */ = {isa = PBXBuildFile; fileRef = A05BA71226AADE96005D08F5 /* product_133.json */; };
		A05BA72126AADE97005D08F5 /* product_66.json in Resources */ = {isa = PBXBuildFile; fileRef = A05BA71326AADE96005D08F5 /* product_66.json */; };
		A05BA72226AADE97005D08F5 /* product_77.json in Resources */ = {isa = PBXBuildFile; fileRef = A05BA71426AADE96005D08F5 /* product_77.json */; };
		A05BA72326AADE97005D08F5 /* product_131.json in Resources */ = {isa = PBXBuildFile; fileRef = A05BA71526AADE96005D08F5 /* product_131.json */; };
		A05BA72426AADE97005D08F5 /* product_167.json in Resources */ = {isa = PBXBuildFile; fileRef = A05BA71626AADE97005D08F5 /* product_167.json */; };
		A05BA72526AADE97005D08F5 /* product_152.json in Resources */ = {isa = PBXBuildFile; fileRef = A05BA71726AADE97005D08F5 /* product_152.json */; };
		A05BA72A26AADEBC005D08F5 /* SDUIColor+Basic.swift in Sources */ = {isa = PBXBuildFile; fileRef = A05BA72926AADEBC005D08F5 /* SDUIColor+Basic.swift */; };
		A05BA73326AADF1B005D08F5 /* MallCategoryModel.swift in Sources */ = {isa = PBXBuildFile; fileRef = A05BA72E26AADF1B005D08F5 /* MallCategoryModel.swift */; };
		A05BA73426AADF1B005D08F5 /* MallChildProductCell.swift in Sources */ = {isa = PBXBuildFile; fileRef = A05BA72F26AADF1B005D08F5 /* MallChildProductCell.swift */; };
		A05BA73526AADF1B005D08F5 /* MallChildProductListVC.swift in Sources */ = {isa = PBXBuildFile; fileRef = A05BA73026AADF1B005D08F5 /* MallChildProductListVC.swift */; };
		A05BA73626AADF1B005D08F5 /* MallTabBarVC.swift in Sources */ = {isa = PBXBuildFile; fileRef = A05BA73126AADF1B005D08F5 /* MallTabBarVC.swift */; };
		A05BA73726AADF1B005D08F5 /* MallSpuLeftView.swift in Sources */ = {isa = PBXBuildFile; fileRef = A05BA73226AADF1B005D08F5 /* MallSpuLeftView.swift */; };
		A05BA74226AADF90005D08F5 /* SDColor.swift in Sources */ = {isa = PBXBuildFile; fileRef = A05BA74126AADF90005D08F5 /* SDColor.swift */; };
		A05BA74E26AAE0CB005D08F5 /* SDUIView+Basic.swift in Sources */ = {isa = PBXBuildFile; fileRef = A05BA74D26AAE0CB005D08F5 /* SDUIView+Basic.swift */; };
		A05D2E852637BB7700B61291 /* SDClockVC.swift in Sources */ = {isa = PBXBuildFile; fileRef = A05D2E842637BB7700B61291 /* SDClockVC.swift */; };
		A05D2E8D2637BCF400B61291 /* SDClockView.swift in Sources */ = {isa = PBXBuildFile; fileRef = A05D2E8C2637BCF400B61291 /* SDClockView.swift */; };
		A05D2EA42637D4F600B61291 /* SDTimerObserver.swift in Sources */ = {isa = PBXBuildFile; fileRef = A05D2EA32637D4F600B61291 /* SDTimerObserver.swift */; };
		A076628026352EFC009C0192 /* AppDelegate.swift in Sources */ = {isa = PBXBuildFile; fileRef = A076627F26352EFC009C0192 /* AppDelegate.swift */; };
		A076628426352EFC009C0192 /* SDDemoVC.swift in Sources */ = {isa = PBXBuildFile; fileRef = A076628326352EFC009C0192 /* SDDemoVC.swift */; };
		A076628926352EFE009C0192 /* Assets.xcassets in Resources */ = {isa = PBXBuildFile; fileRef = A076628826352EFE009C0192 /* Assets.xcassets */; };
		A076628C26352EFE009C0192 /* LaunchScreen.storyboard in Resources */ = {isa = PBXBuildFile; fileRef = A076628A26352EFE009C0192 /* LaunchScreen.storyboard */; };
		A076629726352EFE009C0192 /* SDDemoTests.swift in Sources */ = {isa = PBXBuildFile; fileRef = A076629626352EFE009C0192 /* SDDemoTests.swift */; };
		A07662A226352EFE009C0192 /* SDDemoUITests.swift in Sources */ = {isa = PBXBuildFile; fileRef = A07662A126352EFE009C0192 /* SDDemoUITests.swift */; };
		A07662C4263531B2009C0192 /* SDDemoModel.swift in Sources */ = {isa = PBXBuildFile; fileRef = A07662C3263531B2009C0192 /* SDDemoModel.swift */; };
		A07662CB26353712009C0192 /* SDPlayAnimationVC.swift in Sources */ = {isa = PBXBuildFile; fileRef = A07662CA26353712009C0192 /* SDPlayAnimationVC.swift */; };
		A07662D326353733009C0192 /* SDPlayAnimationView.swift in Sources */ = {isa = PBXBuildFile; fileRef = A07662D226353733009C0192 /* SDPlayAnimationView.swift */; };
		A07662DE26353DD4009C0192 /* SDParticleAnimationsVC.swift in Sources */ = {isa = PBXBuildFile; fileRef = A07662DD26353DD4009C0192 /* SDParticleAnimationsVC.swift */; };
		A07662E626353E13009C0192 /* SDBaseVC.swift in Sources */ = {isa = PBXBuildFile; fileRef = A07662E526353E13009C0192 /* SDBaseVC.swift */; };
		A07662EE26353E6A009C0192 /* SDParticleAnimationsView.swift in Sources */ = {isa = PBXBuildFile; fileRef = A07662ED26353E6A009C0192 /* SDParticleAnimationsView.swift */; };
		A07AEAD52647C3BF00BADB9F /* SDQQBageValueVC.swift in Sources */ = {isa = PBXBuildFile; fileRef = A07AEAD42647C3BF00BADB9F /* SDQQBageValueVC.swift */; };
		A07AEAE02647C43500BADB9F /* SDBageValueButton.swift in Sources */ = {isa = PBXBuildFile; fileRef = A07AEADF2647C43500BADB9F /* SDBageValueButton.swift */; };
		A08C13602643B345002DD0A3 /* SDPageControl.swift in Sources */ = {isa = PBXBuildFile; fileRef = A08C135C2643B345002DD0A3 /* SDPageControl.swift */; };
		A08C13612643B345002DD0A3 /* SDCycleView.swift in Sources */ = {isa = PBXBuildFile; fileRef = A08C135D2643B345002DD0A3 /* SDCycleView.swift */; };
		A08C13622643B345002DD0A3 /* SDCycleLayout.swift in Sources */ = {isa = PBXBuildFile; fileRef = A08C135E2643B345002DD0A3 /* SDCycleLayout.swift */; };
		A08C13632643B345002DD0A3 /* SDCycleViewCell.swift in Sources */ = {isa = PBXBuildFile; fileRef = A08C135F2643B345002DD0A3 /* SDCycleViewCell.swift */; };
		A08C13682643B448002DD0A3 /* SDSDCycleViewVC.swift in Sources */ = {isa = PBXBuildFile; fileRef = A08C13672643B448002DD0A3 /* SDSDCycleViewVC.swift */; };
		D6CC1B9B99CDA4CA6850C52E /* Pods_SDDemo.framework in Frameworks */ = {isa = PBXBuildFile; fileRef = F06684FA559811A2AED0779A /* Pods_SDDemo.framework */; };
/* End PBXBuildFile section */

/* Begin PBXContainerItemProxy section */
		A076629326352EFE009C0192 /* PBXContainerItemProxy */ = {
			isa = PBXContainerItemProxy;
			containerPortal = A076627426352EFC009C0192 /* Project object */;
			proxyType = 1;
			remoteGlobalIDString = A076627B26352EFC009C0192;
			remoteInfo = SDDemo;
		};
		A076629E26352EFE009C0192 /* PBXContainerItemProxy */ = {
			isa = PBXContainerItemProxy;
			containerPortal = A076627426352EFC009C0192 /* Project object */;
			proxyType = 1;
			remoteGlobalIDString = A076627B26352EFC009C0192;
			remoteInfo = SDDemo;
		};
/* End PBXContainerItemProxy section */

/* Begin PBXFileReference section */
		2403F3DC6FA3A2640B78AFF4 /* Pods-SDDemo.debug.xcconfig */ = {isa = PBXFileReference; includeInIndex = 1; lastKnownFileType = text.xcconfig; name = "Pods-SDDemo.debug.xcconfig"; path = "Target Support Files/Pods-SDDemo/Pods-SDDemo.debug.xcconfig"; sourceTree = "<group>"; };
		A0214ABE26AFEDAF002876B6 /* SDAlertAnimation.swift */ = {isa = PBXFileReference; fileEncoding = 4; lastKnownFileType = sourcecode.swift; path = SDAlertAnimation.swift; sourceTree = "<group>"; };
		A0214ABF26AFEDAF002876B6 /* SDAlertPresentationController.swift */ = {isa = PBXFileReference; fileEncoding = 4; lastKnownFileType = sourcecode.swift; path = SDAlertPresentationController.swift; sourceTree = "<group>"; };
		A0214AC026AFEDAF002876B6 /* SDCustomAlertController.swift */ = {isa = PBXFileReference; fileEncoding = 4; lastKnownFileType = sourcecode.swift; path = SDCustomAlertController.swift; sourceTree = "<group>"; };
		A0214AC126AFEDAF002876B6 /* SDInteractiveTransition.swift */ = {isa = PBXFileReference; fileEncoding = 4; lastKnownFileType = sourcecode.swift; path = SDInteractiveTransition.swift; sourceTree = "<group>"; };
		A0214AC226AFEDAF002876B6 /* SDOverlayView.swift */ = {isa = PBXFileReference; fileEncoding = 4; lastKnownFileType = sourcecode.swift; path = SDOverlayView.swift; sourceTree = "<group>"; };
		A0214AC526AFEDAF002876B6 /* JXSegmentedTitleOrImageItemModel.swift */ = {isa = PBXFileReference; fileEncoding = 4; lastKnownFileType = sourcecode.swift; path = JXSegmentedTitleOrImageItemModel.swift; sourceTree = "<group>"; };
		A0214AC626AFEDAF002876B6 /* JXSegmentedTitleOrImageDataSource.swift */ = {isa = PBXFileReference; fileEncoding = 4; lastKnownFileType = sourcecode.swift; path = JXSegmentedTitleOrImageDataSource.swift; sourceTree = "<group>"; };
		A0214AC726AFEDAF002876B6 /* JXSegmentedTitleOrImageCell.swift */ = {isa = PBXFileReference; fileEncoding = 4; lastKnownFileType = sourcecode.swift; path = JXSegmentedTitleOrImageCell.swift; sourceTree = "<group>"; };
		A0214AC926AFEDAF002876B6 /* JXSegmentedBaseDataSource.swift */ = {isa = PBXFileReference; fileEncoding = 4; lastKnownFileType = sourcecode.swift; path = JXSegmentedBaseDataSource.swift; sourceTree = "<group>"; };
		A0214ACA26AFEDAF002876B6 /* JXSegmentedBaseItemModel.swift */ = {isa = PBXFileReference; fileEncoding = 4; lastKnownFileType = sourcecode.swift; path = JXSegmentedBaseItemModel.swift; sourceTree = "<group>"; };
		A0214ACB26AFEDAF002876B6 /* JXSegmentedBaseCell.swift */ = {isa = PBXFileReference; fileEncoding = 4; lastKnownFileType = sourcecode.swift; path = JXSegmentedBaseCell.swift; sourceTree = "<group>"; };
		A0214ACC26AFEDAF002876B6 /* JXSegmentedCollectionView.swift */ = {isa = PBXFileReference; fileEncoding = 4; lastKnownFileType = sourcecode.swift; path = JXSegmentedCollectionView.swift; sourceTree = "<group>"; };
		A0214ACD26AFEDAF002876B6 /* JXSegmentedView.swift */ = {isa = PBXFileReference; fileEncoding = 4; lastKnownFileType = sourcecode.swift; path = JXSegmentedView.swift; sourceTree = "<group>"; };
		A0214ACF26AFEDAF002876B6 /* JXSegmentedIndicatorDotLineView.swift */ = {isa = PBXFileReference; fileEncoding = 4; lastKnownFileType = sourcecode.swift; path = JXSegmentedIndicatorDotLineView.swift; sourceTree = "<group>"; };
		A0214AD026AFEDAF002876B6 /* JXSegmentedIndicatorGradientView.swift */ = {isa = PBXFileReference; fileEncoding = 4; lastKnownFileType = sourcecode.swift; path = JXSegmentedIndicatorGradientView.swift; sourceTree = "<group>"; };
		A0214AD126AFEDAF002876B6 /* JXSegmentedIndicatorTriangleView.swift */ = {isa = PBXFileReference; fileEncoding = 4; lastKnownFileType = sourcecode.swift; path = JXSegmentedIndicatorTriangleView.swift; sourceTree = "<group>"; };
		A0214AD226AFEDAF002876B6 /* JXSegmentedIndicatorBaseView.swift */ = {isa = PBXFileReference; fileEncoding = 4; lastKnownFileType = sourcecode.swift; path = JXSegmentedIndicatorBaseView.swift; sourceTree = "<group>"; };
		A0214AD326AFEDAF002876B6 /* JXSegmentedIndicatorRainbowLineView.swift */ = {isa = PBXFileReference; fileEncoding = 4; lastKnownFileType = sourcecode.swift; path = JXSegmentedIndicatorRainbowLineView.swift; sourceTree = "<group>"; };
		A0214AD426AFEDAF002876B6 /* JXSegmentedIndicatorGradientLineView.swift */ = {isa = PBXFileReference; fileEncoding = 4; lastKnownFileType = sourcecode.swift; path = JXSegmentedIndicatorGradientLineView.swift; sourceTree = "<group>"; };
		A0214AD526AFEDAF002876B6 /* JXSegmentedIndicatorParams.swift */ = {isa = PBXFileReference; fileEncoding = 4; lastKnownFileType = sourcecode.swift; path = JXSegmentedIndicatorParams.swift; sourceTree = "<group>"; };
		A0214AD626AFEDAF002876B6 /* JXSegmentedIndicatorImageView.swift */ = {isa = PBXFileReference; fileEncoding = 4; lastKnownFileType = sourcecode.swift; path = JXSegmentedIndicatorImageView.swift; sourceTree = "<group>"; };
		A0214AD726AFEDAF002876B6 /* JXSegmentedIndicatorBackgroundView.swift */ = {isa = PBXFileReference; fileEncoding = 4; lastKnownFileType = sourcecode.swift; path = JXSegmentedIndicatorBackgroundView.swift; sourceTree = "<group>"; };
		A0214AD826AFEDAF002876B6 /* JXSegmentedIndicatorLineView.swift */ = {isa = PBXFileReference; fileEncoding = 4; lastKnownFileType = sourcecode.swift; path = JXSegmentedIndicatorLineView.swift; sourceTree = "<group>"; };
		A0214AD926AFEDAF002876B6 /* JXSegmentedIndicatorProtocol.swift */ = {isa = PBXFileReference; fileEncoding = 4; lastKnownFileType = sourcecode.swift; path = JXSegmentedIndicatorProtocol.swift; sourceTree = "<group>"; };
		A0214ADA26AFEDAF002876B6 /* JXSegmentedIndicatorDoubleLineView.swift */ = {isa = PBXFileReference; fileEncoding = 4; lastKnownFileType = sourcecode.swift; path = JXSegmentedIndicatorDoubleLineView.swift; sourceTree = "<group>"; };
		A0214ADB26AFEDAF002876B6 /* JXSegmentedComponetGradientView.swift */ = {isa = PBXFileReference; fileEncoding = 4; lastKnownFileType = sourcecode.swift; path = JXSegmentedComponetGradientView.swift; sourceTree = "<group>"; };
		A0214ADD26AFEDAF002876B6 /* JXSegmentedDotCell.swift */ = {isa = PBXFileReference; fileEncoding = 4; lastKnownFileType = sourcecode.swift; path = JXSegmentedDotCell.swift; sourceTree = "<group>"; };
		A0214ADE26AFEDAF002876B6 /* JXSegmentedDotDataSource.swift */ = {isa = PBXFileReference; fileEncoding = 4; lastKnownFileType = sourcecode.swift; path = JXSegmentedDotDataSource.swift; sourceTree = "<group>"; };
		A0214ADF26AFEDAF002876B6 /* JXSegmentedDotItemModel.swift */ = {isa = PBXFileReference; fileEncoding = 4; lastKnownFileType = sourcecode.swift; path = JXSegmentedDotItemModel.swift; sourceTree = "<group>"; };
		A0214AE126AFEDAF002876B6 /* JXSegmentedTitleImageCell.swift */ = {isa = PBXFileReference; fileEncoding = 4; lastKnownFileType = sourcecode.swift; path = JXSegmentedTitleImageCell.swift; sourceTree = "<group>"; };
		A0214AE226AFEDAF002876B6 /* JXSegmentedTitleImageItemModel.swift */ = {isa = PBXFileReference; fileEncoding = 4; lastKnownFileType = sourcecode.swift; path = JXSegmentedTitleImageItemModel.swift; sourceTree = "<group>"; };
		A0214AE326AFEDAF002876B6 /* JXSegmentedTitleImageDataSource.swift */ = {isa = PBXFileReference; fileEncoding = 4; lastKnownFileType = sourcecode.swift; path = JXSegmentedTitleImageDataSource.swift; sourceTree = "<group>"; };
		A0214AE526AFEDAF002876B6 /* JXSegmentedTitleCell.swift */ = {isa = PBXFileReference; fileEncoding = 4; lastKnownFileType = sourcecode.swift; path = JXSegmentedTitleCell.swift; sourceTree = "<group>"; };
		A0214AE626AFEDAF002876B6 /* JXSegmentedTitleItemModel.swift */ = {isa = PBXFileReference; fileEncoding = 4; lastKnownFileType = sourcecode.swift; path = JXSegmentedTitleItemModel.swift; sourceTree = "<group>"; };
		A0214AE726AFEDAF002876B6 /* JXSegmentedTitleDataSource.swift */ = {isa = PBXFileReference; fileEncoding = 4; lastKnownFileType = sourcecode.swift; path = JXSegmentedTitleDataSource.swift; sourceTree = "<group>"; };
		A0214AE926AFEDAF002876B6 /* JXSegmentedTitleGradientDataSource.swift */ = {isa = PBXFileReference; fileEncoding = 4; lastKnownFileType = sourcecode.swift; path = JXSegmentedTitleGradientDataSource.swift; sourceTree = "<group>"; };
		A0214AEA26AFEDAF002876B6 /* JXSegmentedTitleGradientCell.swift */ = {isa = PBXFileReference; fileEncoding = 4; lastKnownFileType = sourcecode.swift; path = JXSegmentedTitleGradientCell.swift; sourceTree = "<group>"; };
		A0214AEB26AFEDAF002876B6 /* JXSegmentedTitleGradientItemModel.swift */ = {isa = PBXFileReference; fileEncoding = 4; lastKnownFileType = sourcecode.swift; path = JXSegmentedTitleGradientItemModel.swift; sourceTree = "<group>"; };
		A0214AED26AFEDAF002876B6 /* JXSegmentedNumberDataSource.swift */ = {isa = PBXFileReference; fileEncoding = 4; lastKnownFileType = sourcecode.swift; path = JXSegmentedNumberDataSource.swift; sourceTree = "<group>"; };
		A0214AEE26AFEDAF002876B6 /* JXSegmentedNumberItemModel.swift */ = {isa = PBXFileReference; fileEncoding = 4; lastKnownFileType = sourcecode.swift; path = JXSegmentedNumberItemModel.swift; sourceTree = "<group>"; };
		A0214AEF26AFEDAF002876B6 /* JXSegmentedNumberCell.swift */ = {isa = PBXFileReference; fileEncoding = 4; lastKnownFileType = sourcecode.swift; path = JXSegmentedNumberCell.swift; sourceTree = "<group>"; };
		A0214AF126AFEDAF002876B6 /* JXSegmentedListContainerView.swift */ = {isa = PBXFileReference; fileEncoding = 4; lastKnownFileType = sourcecode.swift; path = JXSegmentedListContainerView.swift; sourceTree = "<group>"; };
		A0214AF226AFEDAF002876B6 /* JXSegmentedRTLLayout.swift */ = {isa = PBXFileReference; fileEncoding = 4; lastKnownFileType = sourcecode.swift; path = JXSegmentedRTLLayout.swift; sourceTree = "<group>"; };
		A0214AF326AFEDAF002876B6 /* JXSegmentedAnimator.swift */ = {isa = PBXFileReference; fileEncoding = 4; lastKnownFileType = sourcecode.swift; path = JXSegmentedAnimator.swift; sourceTree = "<group>"; };
		A0214AF426AFEDAF002876B6 /* JXSegmentedViewTool.swift */ = {isa = PBXFileReference; fileEncoding = 4; lastKnownFileType = sourcecode.swift; path = JXSegmentedViewTool.swift; sourceTree = "<group>"; };
		A0214AF626AFEDAF002876B6 /* JXSegmentedTitleAttributeDataSource.swift */ = {isa = PBXFileReference; fileEncoding = 4; lastKnownFileType = sourcecode.swift; path = JXSegmentedTitleAttributeDataSource.swift; sourceTree = "<group>"; };
		A0214AF726AFEDAF002876B6 /* JXSegmentedTitleAttributeItemModel.swift */ = {isa = PBXFileReference; fileEncoding = 4; lastKnownFileType = sourcecode.swift; path = JXSegmentedTitleAttributeItemModel.swift; sourceTree = "<group>"; };
		A0214AF826AFEDAF002876B6 /* JXSegmentedTitleAttributeCell.swift */ = {isa = PBXFileReference; fileEncoding = 4; lastKnownFileType = sourcecode.swift; path = JXSegmentedTitleAttributeCell.swift; sourceTree = "<group>"; };
		A0214AF926AFEDAF002876B6 /* SDSpecialActionSheetView.swift */ = {isa = PBXFileReference; fileEncoding = 4; lastKnownFileType = sourcecode.swift; path = SDSpecialActionSheetView.swift; sourceTree = "<group>"; };
		A0214AFB26AFEDAF002876B6 /* SDActionSheetView.swift */ = {isa = PBXFileReference; fileEncoding = 4; lastKnownFileType = sourcecode.swift; path = SDActionSheetView.swift; sourceTree = "<group>"; };
		A0214B3226AFEEC8002876B6 /* SDAlterVC.swift */ = {isa = PBXFileReference; fileEncoding = 4; lastKnownFileType = sourcecode.swift; path = SDAlterVC.swift; sourceTree = "<group>"; };
		A02F24F22655F81C002614A0 /* SDKeyboardProtocolVC.swift */ = {isa = PBXFileReference; lastKnownFileType = sourcecode.swift; path = SDKeyboardProtocolVC.swift; sourceTree = "<group>"; };
		A02F24FD2655F848002614A0 /* SDKeyboardProtocol.swift */ = {isa = PBXFileReference; lastKnownFileType = sourcecode.swift; path = SDKeyboardProtocol.swift; sourceTree = "<group>"; };
		A034F654263911680096D7D2 /* Extension+Array.swift */ = {isa = PBXFileReference; lastKnownFileType = sourcecode.swift; path = "Extension+Array.swift"; sourceTree = "<group>"; };
		A05BA70526AADE86005D08F5 /* category.json */ = {isa = PBXFileReference; fileEncoding = 4; lastKnownFileType = text.json; path = category.json; sourceTree = "<group>"; };
		A05BA70A26AADE96005D08F5 /* product_156.json */ = {isa = PBXFileReference; fileEncoding = 4; lastKnownFileType = text.json; path = product_156.json; sourceTree = "<group>"; };
		A05BA70B26AADE96005D08F5 /* product_117.json */ = {isa = PBXFileReference; fileEncoding = 4; lastKnownFileType = text.json; path = product_117.json; sourceTree = "<group>"; };
		A05BA70C26AADE96005D08F5 /* product_61.json */ = {isa = PBXFileReference; fileEncoding = 4; lastKnownFileType = text.json; path = product_61.json; sourceTree = "<group>"; };
		A05BA70D26AADE96005D08F5 /* product_132.json */ = {isa = PBXFileReference; fileEncoding = 4; lastKnownFileType = text.json; path = product_132.json; sourceTree = "<group>"; };
		A05BA70E26AADE96005D08F5 /* product_158.json */ = {isa = PBXFileReference; fileEncoding = 4; lastKnownFileType = text.json; path = product_158.json; sourceTree = "<group>"; };
		A05BA70F26AADE96005D08F5 /* product_154.json */ = {isa = PBXFileReference; fileEncoding = 4; lastKnownFileType = text.json; path = product_154.json; sourceTree = "<group>"; };
		A05BA71026AADE96005D08F5 /* product_64.json */ = {isa = PBXFileReference; fileEncoding = 4; lastKnownFileType = text.json; path = product_64.json; sourceTree = "<group>"; };
		A05BA71126AADE96005D08F5 /* product_118.json */ = {isa = PBXFileReference; fileEncoding = 4; lastKnownFileType = text.json; path = product_118.json; sourceTree = "<group>"; };
		A05BA71226AADE96005D08F5 /* product_133.json */ = {isa = PBXFileReference; fileEncoding = 4; lastKnownFileType = text.json; path = product_133.json; sourceTree = "<group>"; };
		A05BA71326AADE96005D08F5 /* product_66.json */ = {isa = PBXFileReference; fileEncoding = 4; lastKnownFileType = text.json; path = product_66.json; sourceTree = "<group>"; };
		A05BA71426AADE96005D08F5 /* product_77.json */ = {isa = PBXFileReference; fileEncoding = 4; lastKnownFileType = text.json; path = product_77.json; sourceTree = "<group>"; };
		A05BA71526AADE96005D08F5 /* product_131.json */ = {isa = PBXFileReference; fileEncoding = 4; lastKnownFileType = text.json; path = product_131.json; sourceTree = "<group>"; };
		A05BA71626AADE97005D08F5 /* product_167.json */ = {isa = PBXFileReference; fileEncoding = 4; lastKnownFileType = text.json; path = product_167.json; sourceTree = "<group>"; };
		A05BA71726AADE97005D08F5 /* product_152.json */ = {isa = PBXFileReference; fileEncoding = 4; lastKnownFileType = text.json; path = product_152.json; sourceTree = "<group>"; };
		A05BA72926AADEBC005D08F5 /* SDUIColor+Basic.swift */ = {isa = PBXFileReference; fileEncoding = 4; lastKnownFileType = sourcecode.swift; path = "SDUIColor+Basic.swift"; sourceTree = "<group>"; };
		A05BA72E26AADF1B005D08F5 /* MallCategoryModel.swift */ = {isa = PBXFileReference; fileEncoding = 4; lastKnownFileType = sourcecode.swift; path = MallCategoryModel.swift; sourceTree = "<group>"; };
		A05BA72F26AADF1B005D08F5 /* MallChildProductCell.swift */ = {isa = PBXFileReference; fileEncoding = 4; lastKnownFileType = sourcecode.swift; path = MallChildProductCell.swift; sourceTree = "<group>"; };
		A05BA73026AADF1B005D08F5 /* MallChildProductListVC.swift */ = {isa = PBXFileReference; fileEncoding = 4; lastKnownFileType = sourcecode.swift; path = MallChildProductListVC.swift; sourceTree = "<group>"; };
		A05BA73126AADF1B005D08F5 /* MallTabBarVC.swift */ = {isa = PBXFileReference; fileEncoding = 4; lastKnownFileType = sourcecode.swift; path = MallTabBarVC.swift; sourceTree = "<group>"; };
		A05BA73226AADF1B005D08F5 /* MallSpuLeftView.swift */ = {isa = PBXFileReference; fileEncoding = 4; lastKnownFileType = sourcecode.swift; path = MallSpuLeftView.swift; sourceTree = "<group>"; };
		A05BA74126AADF90005D08F5 /* SDColor.swift */ = {isa = PBXFileReference; fileEncoding = 4; lastKnownFileType = sourcecode.swift; path = SDColor.swift; sourceTree = "<group>"; };
		A05BA74D26AAE0CB005D08F5 /* SDUIView+Basic.swift */ = {isa = PBXFileReference; fileEncoding = 4; lastKnownFileType = sourcecode.swift; path = "SDUIView+Basic.swift"; sourceTree = "<group>"; };
		A05D2E842637BB7700B61291 /* SDClockVC.swift */ = {isa = PBXFileReference; lastKnownFileType = sourcecode.swift; path = SDClockVC.swift; sourceTree = "<group>"; };
		A05D2E8C2637BCF400B61291 /* SDClockView.swift */ = {isa = PBXFileReference; lastKnownFileType = sourcecode.swift; path = SDClockView.swift; sourceTree = "<group>"; };
		A05D2EA32637D4F600B61291 /* SDTimerObserver.swift */ = {isa = PBXFileReference; fileEncoding = 4; lastKnownFileType = sourcecode.swift; path = SDTimerObserver.swift; sourceTree = "<group>"; };
		A076627C26352EFC009C0192 /* SDDemo.app */ = {isa = PBXFileReference; explicitFileType = wrapper.application; includeInIndex = 0; path = SDDemo.app; sourceTree = BUILT_PRODUCTS_DIR; };
		A076627F26352EFC009C0192 /* AppDelegate.swift */ = {isa = PBXFileReference; lastKnownFileType = sourcecode.swift; path = AppDelegate.swift; sourceTree = "<group>"; };
		A076628326352EFC009C0192 /* SDDemoVC.swift */ = {isa = PBXFileReference; lastKnownFileType = sourcecode.swift; path = SDDemoVC.swift; sourceTree = "<group>"; };
		A076628826352EFE009C0192 /* Assets.xcassets */ = {isa = PBXFileReference; lastKnownFileType = folder.assetcatalog; path = Assets.xcassets; sourceTree = "<group>"; };
		A076628B26352EFE009C0192 /* Base */ = {isa = PBXFileReference; lastKnownFileType = file.storyboard; name = Base; path = Base.lproj/LaunchScreen.storyboard; sourceTree = "<group>"; };
		A076628D26352EFE009C0192 /* Info.plist */ = {isa = PBXFileReference; lastKnownFileType = text.plist.xml; path = Info.plist; sourceTree = "<group>"; };
		A076629226352EFE009C0192 /* SDDemoTests.xctest */ = {isa = PBXFileReference; explicitFileType = wrapper.cfbundle; includeInIndex = 0; path = SDDemoTests.xctest; sourceTree = BUILT_PRODUCTS_DIR; };
		A076629626352EFE009C0192 /* SDDemoTests.swift */ = {isa = PBXFileReference; lastKnownFileType = sourcecode.swift; path = SDDemoTests.swift; sourceTree = "<group>"; };
		A076629826352EFE009C0192 /* Info.plist */ = {isa = PBXFileReference; lastKnownFileType = text.plist.xml; path = Info.plist; sourceTree = "<group>"; };
		A076629D26352EFE009C0192 /* SDDemoUITests.xctest */ = {isa = PBXFileReference; explicitFileType = wrapper.cfbundle; includeInIndex = 0; path = SDDemoUITests.xctest; sourceTree = BUILT_PRODUCTS_DIR; };
		A07662A126352EFE009C0192 /* SDDemoUITests.swift */ = {isa = PBXFileReference; lastKnownFileType = sourcecode.swift; path = SDDemoUITests.swift; sourceTree = "<group>"; };
		A07662A326352EFE009C0192 /* Info.plist */ = {isa = PBXFileReference; lastKnownFileType = text.plist.xml; path = Info.plist; sourceTree = "<group>"; };
		A07662C3263531B2009C0192 /* SDDemoModel.swift */ = {isa = PBXFileReference; lastKnownFileType = sourcecode.swift; path = SDDemoModel.swift; sourceTree = "<group>"; };
		A07662CA26353712009C0192 /* SDPlayAnimationVC.swift */ = {isa = PBXFileReference; lastKnownFileType = sourcecode.swift; path = SDPlayAnimationVC.swift; sourceTree = "<group>"; };
		A07662D226353733009C0192 /* SDPlayAnimationView.swift */ = {isa = PBXFileReference; fileEncoding = 4; lastKnownFileType = sourcecode.swift; path = SDPlayAnimationView.swift; sourceTree = "<group>"; };
		A07662DD26353DD4009C0192 /* SDParticleAnimationsVC.swift */ = {isa = PBXFileReference; lastKnownFileType = sourcecode.swift; path = SDParticleAnimationsVC.swift; sourceTree = "<group>"; };
		A07662E526353E13009C0192 /* SDBaseVC.swift */ = {isa = PBXFileReference; lastKnownFileType = sourcecode.swift; path = SDBaseVC.swift; sourceTree = "<group>"; };
		A07662ED26353E6A009C0192 /* SDParticleAnimationsView.swift */ = {isa = PBXFileReference; lastKnownFileType = sourcecode.swift; path = SDParticleAnimationsView.swift; sourceTree = "<group>"; };
		A07AEAD42647C3BF00BADB9F /* SDQQBageValueVC.swift */ = {isa = PBXFileReference; lastKnownFileType = sourcecode.swift; path = SDQQBageValueVC.swift; sourceTree = "<group>"; };
		A07AEADF2647C43500BADB9F /* SDBageValueButton.swift */ = {isa = PBXFileReference; lastKnownFileType = sourcecode.swift; path = SDBageValueButton.swift; sourceTree = "<group>"; };
		A08C135C2643B345002DD0A3 /* SDPageControl.swift */ = {isa = PBXFileReference; fileEncoding = 4; lastKnownFileType = sourcecode.swift; path = SDPageControl.swift; sourceTree = "<group>"; };
		A08C135D2643B345002DD0A3 /* SDCycleView.swift */ = {isa = PBXFileReference; fileEncoding = 4; lastKnownFileType = sourcecode.swift; path = SDCycleView.swift; sourceTree = "<group>"; };
		A08C135E2643B345002DD0A3 /* SDCycleLayout.swift */ = {isa = PBXFileReference; fileEncoding = 4; lastKnownFileType = sourcecode.swift; path = SDCycleLayout.swift; sourceTree = "<group>"; };
		A08C135F2643B345002DD0A3 /* SDCycleViewCell.swift */ = {isa = PBXFileReference; fileEncoding = 4; lastKnownFileType = sourcecode.swift; path = SDCycleViewCell.swift; sourceTree = "<group>"; };
		A08C13672643B448002DD0A3 /* SDSDCycleViewVC.swift */ = {isa = PBXFileReference; lastKnownFileType = sourcecode.swift; path = SDSDCycleViewVC.swift; sourceTree = "<group>"; };
		E3AAAC1CC4D21D7DC3963FC3 /* Pods-SDDemo.release.xcconfig */ = {isa = PBXFileReference; includeInIndex = 1; lastKnownFileType = text.xcconfig; name = "Pods-SDDemo.release.xcconfig"; path = "Target Support Files/Pods-SDDemo/Pods-SDDemo.release.xcconfig"; sourceTree = "<group>"; };
		F06684FA559811A2AED0779A /* Pods_SDDemo.framework */ = {isa = PBXFileReference; explicitFileType = wrapper.framework; includeInIndex = 0; path = Pods_SDDemo.framework; sourceTree = BUILT_PRODUCTS_DIR; };
/* End PBXFileReference section */

/* Begin PBXFrameworksBuildPhase section */
		A076627926352EFC009C0192 /* Frameworks */ = {
			isa = PBXFrameworksBuildPhase;
			buildActionMask = 2147483647;
			files = (
				D6CC1B9B99CDA4CA6850C52E /* Pods_SDDemo.framework in Frameworks */,
			);
			runOnlyForDeploymentPostprocessing = 0;
		};
		A076628F26352EFE009C0192 /* Frameworks */ = {
			isa = PBXFrameworksBuildPhase;
			buildActionMask = 2147483647;
			files = (
			);
			runOnlyForDeploymentPostprocessing = 0;
		};
		A076629A26352EFE009C0192 /* Frameworks */ = {
			isa = PBXFrameworksBuildPhase;
			buildActionMask = 2147483647;
			files = (
			);
			runOnlyForDeploymentPostprocessing = 0;
		};
/* End PBXFrameworksBuildPhase section */

/* Begin PBXGroup section */
		3050710E1326C4CAF6F3A673 /* Pods */ = {
			isa = PBXGroup;
			children = (
				2403F3DC6FA3A2640B78AFF4 /* Pods-SDDemo.debug.xcconfig */,
				E3AAAC1CC4D21D7DC3963FC3 /* Pods-SDDemo.release.xcconfig */,
			);
			path = Pods;
			sourceTree = "<group>";
		};
		3B9F5982C739D717D6A6B16E /* Frameworks */ = {
			isa = PBXGroup;
			children = (
				F06684FA559811A2AED0779A /* Pods_SDDemo.framework */,
			);
			name = Frameworks;
			sourceTree = "<group>";
		};
		A0214ABC26AFEDAF002876B6 /* Swift仿系统弹框 支持从左从右 上下弹出 */ = {
			isa = PBXGroup;
			children = (
				A0214ABD26AFEDAF002876B6 /* SDAlertController */,
				A0214AC326AFEDAF002876B6 /* JXSegmentedView */,
				A0214AF926AFEDAF002876B6 /* SDSpecialActionSheetView.swift */,
				A0214AFB26AFEDAF002876B6 /* SDActionSheetView.swift */,
			);
			path = "Swift仿系统弹框 支持从左从右 上下弹出";
			sourceTree = "<group>";
		};
		A0214ABD26AFEDAF002876B6 /* SDAlertController */ = {
			isa = PBXGroup;
			children = (
				A0214ABE26AFEDAF002876B6 /* SDAlertAnimation.swift */,
				A0214ABF26AFEDAF002876B6 /* SDAlertPresentationController.swift */,
				A0214AC026AFEDAF002876B6 /* SDCustomAlertController.swift */,
				A0214AC126AFEDAF002876B6 /* SDInteractiveTransition.swift */,
				A0214AC226AFEDAF002876B6 /* SDOverlayView.swift */,
				A0214B3226AFEEC8002876B6 /* SDAlterVC.swift */,
			);
			path = SDAlertController;
			sourceTree = "<group>";
		};
		A0214AC326AFEDAF002876B6 /* JXSegmentedView */ = {
			isa = PBXGroup;
			children = (
				A0214AC426AFEDAF002876B6 /* TitleOrImage */,
				A0214AC826AFEDAF002876B6 /* Core */,
				A0214ACE26AFEDAF002876B6 /* Indicator */,
				A0214ADC26AFEDAF002876B6 /* Dot */,
				A0214AE026AFEDAF002876B6 /* TitleImage */,
				A0214AE426AFEDAF002876B6 /* Title */,
				A0214AE826AFEDAF002876B6 /* TitleGradient */,
				A0214AEC26AFEDAF002876B6 /* Number */,
				A0214AF026AFEDAF002876B6 /* Common */,
				A0214AF526AFEDAF002876B6 /* AttributeTitle */,
			);
			path = JXSegmentedView;
			sourceTree = "<group>";
		};
		A0214AC426AFEDAF002876B6 /* TitleOrImage */ = {
			isa = PBXGroup;
			children = (
				A0214AC526AFEDAF002876B6 /* JXSegmentedTitleOrImageItemModel.swift */,
				A0214AC626AFEDAF002876B6 /* JXSegmentedTitleOrImageDataSource.swift */,
				A0214AC726AFEDAF002876B6 /* JXSegmentedTitleOrImageCell.swift */,
			);
			path = TitleOrImage;
			sourceTree = "<group>";
		};
		A0214AC826AFEDAF002876B6 /* Core */ = {
			isa = PBXGroup;
			children = (
				A0214AC926AFEDAF002876B6 /* JXSegmentedBaseDataSource.swift */,
				A0214ACA26AFEDAF002876B6 /* JXSegmentedBaseItemModel.swift */,
				A0214ACB26AFEDAF002876B6 /* JXSegmentedBaseCell.swift */,
				A0214ACC26AFEDAF002876B6 /* JXSegmentedCollectionView.swift */,
				A0214ACD26AFEDAF002876B6 /* JXSegmentedView.swift */,
			);
			path = Core;
			sourceTree = "<group>";
		};
		A0214ACE26AFEDAF002876B6 /* Indicator */ = {
			isa = PBXGroup;
			children = (
				A0214ACF26AFEDAF002876B6 /* JXSegmentedIndicatorDotLineView.swift */,
				A0214AD026AFEDAF002876B6 /* JXSegmentedIndicatorGradientView.swift */,
				A0214AD126AFEDAF002876B6 /* JXSegmentedIndicatorTriangleView.swift */,
				A0214AD226AFEDAF002876B6 /* JXSegmentedIndicatorBaseView.swift */,
				A0214AD326AFEDAF002876B6 /* JXSegmentedIndicatorRainbowLineView.swift */,
				A0214AD426AFEDAF002876B6 /* JXSegmentedIndicatorGradientLineView.swift */,
				A0214AD526AFEDAF002876B6 /* JXSegmentedIndicatorParams.swift */,
				A0214AD626AFEDAF002876B6 /* JXSegmentedIndicatorImageView.swift */,
				A0214AD726AFEDAF002876B6 /* JXSegmentedIndicatorBackgroundView.swift */,
				A0214AD826AFEDAF002876B6 /* JXSegmentedIndicatorLineView.swift */,
				A0214AD926AFEDAF002876B6 /* JXSegmentedIndicatorProtocol.swift */,
				A0214ADA26AFEDAF002876B6 /* JXSegmentedIndicatorDoubleLineView.swift */,
				A0214ADB26AFEDAF002876B6 /* JXSegmentedComponetGradientView.swift */,
			);
			path = Indicator;
			sourceTree = "<group>";
		};
		A0214ADC26AFEDAF002876B6 /* Dot */ = {
			isa = PBXGroup;
			children = (
				A0214ADD26AFEDAF002876B6 /* JXSegmentedDotCell.swift */,
				A0214ADE26AFEDAF002876B6 /* JXSegmentedDotDataSource.swift */,
				A0214ADF26AFEDAF002876B6 /* JXSegmentedDotItemModel.swift */,
			);
			path = Dot;
			sourceTree = "<group>";
		};
		A0214AE026AFEDAF002876B6 /* TitleImage */ = {
			isa = PBXGroup;
			children = (
				A0214AE126AFEDAF002876B6 /* JXSegmentedTitleImageCell.swift */,
				A0214AE226AFEDAF002876B6 /* JXSegmentedTitleImageItemModel.swift */,
				A0214AE326AFEDAF002876B6 /* JXSegmentedTitleImageDataSource.swift */,
			);
			path = TitleImage;
			sourceTree = "<group>";
		};
		A0214AE426AFEDAF002876B6 /* Title */ = {
			isa = PBXGroup;
			children = (
				A0214AE526AFEDAF002876B6 /* JXSegmentedTitleCell.swift */,
				A0214AE626AFEDAF002876B6 /* JXSegmentedTitleItemModel.swift */,
				A0214AE726AFEDAF002876B6 /* JXSegmentedTitleDataSource.swift */,
			);
			path = Title;
			sourceTree = "<group>";
		};
		A0214AE826AFEDAF002876B6 /* TitleGradient */ = {
			isa = PBXGroup;
			children = (
				A0214AE926AFEDAF002876B6 /* JXSegmentedTitleGradientDataSource.swift */,
				A0214AEA26AFEDAF002876B6 /* JXSegmentedTitleGradientCell.swift */,
				A0214AEB26AFEDAF002876B6 /* JXSegmentedTitleGradientItemModel.swift */,
			);
			path = TitleGradient;
			sourceTree = "<group>";
		};
		A0214AEC26AFEDAF002876B6 /* Number */ = {
			isa = PBXGroup;
			children = (
				A0214AED26AFEDAF002876B6 /* JXSegmentedNumberDataSource.swift */,
				A0214AEE26AFEDAF002876B6 /* JXSegmentedNumberItemModel.swift */,
				A0214AEF26AFEDAF002876B6 /* JXSegmentedNumberCell.swift */,
			);
			path = Number;
			sourceTree = "<group>";
		};
		A0214AF026AFEDAF002876B6 /* Common */ = {
			isa = PBXGroup;
			children = (
				A0214AF126AFEDAF002876B6 /* JXSegmentedListContainerView.swift */,
				A0214AF226AFEDAF002876B6 /* JXSegmentedRTLLayout.swift */,
				A0214AF326AFEDAF002876B6 /* JXSegmentedAnimator.swift */,
				A0214AF426AFEDAF002876B6 /* JXSegmentedViewTool.swift */,
			);
			path = Common;
			sourceTree = "<group>";
		};
		A0214AF526AFEDAF002876B6 /* AttributeTitle */ = {
			isa = PBXGroup;
			children = (
				A0214AF626AFEDAF002876B6 /* JXSegmentedTitleAttributeDataSource.swift */,
				A0214AF726AFEDAF002876B6 /* JXSegmentedTitleAttributeItemModel.swift */,
				A0214AF826AFEDAF002876B6 /* JXSegmentedTitleAttributeCell.swift */,
			);
			path = AttributeTitle;
			sourceTree = "<group>";
		};
		A02F24F12655F7E1002614A0 /* swift用协议包装键盘通知 */ = {
			isa = PBXGroup;
			children = (
				A02F24F22655F81C002614A0 /* SDKeyboardProtocolVC.swift */,
				A02F24FD2655F848002614A0 /* SDKeyboardProtocol.swift */,
			);
			path = "swift用协议包装键盘通知";
			sourceTree = "<group>";
		};
		A034F653263911490096D7D2 /* Extension */ = {
			isa = PBXGroup;
			children = (
				A034F654263911680096D7D2 /* Extension+Array.swift */,
			);
			path = Extension;
			sourceTree = "<group>";
		};
		A05BA70426AADE75005D08F5 /* swift仿多点TableView左右联动 */ = {
			isa = PBXGroup;
			children = (
				A05BA72E26AADF1B005D08F5 /* MallCategoryModel.swift */,
				A05BA72F26AADF1B005D08F5 /* MallChildProductCell.swift */,
				A05BA73026AADF1B005D08F5 /* MallChildProductListVC.swift */,
				A05BA73226AADF1B005D08F5 /* MallSpuLeftView.swift */,
				A05BA73126AADF1B005D08F5 /* MallTabBarVC.swift */,
				A05BA72926AADEBC005D08F5 /* SDUIColor+Basic.swift */,
				A05BA74D26AAE0CB005D08F5 /* SDUIView+Basic.swift */,
				A05BA74126AADF90005D08F5 /* SDColor.swift */,
				A05BA70C26AADE96005D08F5 /* product_61.json */,
				A05BA71026AADE96005D08F5 /* product_64.json */,
				A05BA71326AADE96005D08F5 /* product_66.json */,
				A05BA71426AADE96005D08F5 /* product_77.json */,
				A05BA70B26AADE96005D08F5 /* product_117.json */,
				A05BA71126AADE96005D08F5 /* product_118.json */,
				A05BA71526AADE96005D08F5 /* product_131.json */,
				A05BA70D26AADE96005D08F5 /* product_132.json */,
				A05BA71226AADE96005D08F5 /* product_133.json */,
				A05BA71726AADE97005D08F5 /* product_152.json */,
				A05BA70F26AADE96005D08F5 /* product_154.json */,
				A05BA70A26AADE96005D08F5 /* product_156.json */,
				A05BA70E26AADE96005D08F5 /* product_158.json */,
				A05BA71626AADE97005D08F5 /* product_167.json */,
				A05BA70526AADE86005D08F5 /* category.json */,
			);
			path = "swift仿多点TableView左右联动";
			sourceTree = "<group>";
		};
		A05D2E832637BB5300B61291 /* 仿系统钟表 */ = {
			isa = PBXGroup;
			children = (
				A05D2E842637BB7700B61291 /* SDClockVC.swift */,
				A05D2E8C2637BCF400B61291 /* SDClockView.swift */,
				A05D2EA32637D4F600B61291 /* SDTimerObserver.swift */,
			);
			path = "仿系统钟表";
			sourceTree = "<group>";
		};
		A076627326352EFC009C0192 = {
			isa = PBXGroup;
			children = (
				A076627E26352EFC009C0192 /* SDDemo */,
				A076629526352EFE009C0192 /* SDDemoTests */,
				A07662A026352EFE009C0192 /* SDDemoUITests */,
				A076627D26352EFC009C0192 /* Products */,
				3050710E1326C4CAF6F3A673 /* Pods */,
				3B9F5982C739D717D6A6B16E /* Frameworks */,
			);
			sourceTree = "<group>";
		};
		A076627D26352EFC009C0192 /* Products */ = {
			isa = PBXGroup;
			children = (
				A076627C26352EFC009C0192 /* SDDemo.app */,
				A076629226352EFE009C0192 /* SDDemoTests.xctest */,
				A076629D26352EFE009C0192 /* SDDemoUITests.xctest */,
			);
			name = Products;
			sourceTree = "<group>";
		};
		A076627E26352EFC009C0192 /* SDDemo */ = {
			isa = PBXGroup;
			children = (
				A076627F26352EFC009C0192 /* AppDelegate.swift */,
				A07662C3263531B2009C0192 /* SDDemoModel.swift */,
				A076628326352EFC009C0192 /* SDDemoVC.swift */,
				A07662E526353E13009C0192 /* SDBaseVC.swift */,
				A034F653263911490096D7D2 /* Extension */,
				A07662C8263536F7009C0192 /* Demo */,
				A076628826352EFE009C0192 /* Assets.xcassets */,
				A076628A26352EFE009C0192 /* LaunchScreen.storyboard */,
				A076628D26352EFE009C0192 /* Info.plist */,
			);
			path = SDDemo;
			sourceTree = "<group>";
		};
		A076629526352EFE009C0192 /* SDDemoTests */ = {
			isa = PBXGroup;
			children = (
				A076629626352EFE009C0192 /* SDDemoTests.swift */,
				A076629826352EFE009C0192 /* Info.plist */,
			);
			path = SDDemoTests;
			sourceTree = "<group>";
		};
		A07662A026352EFE009C0192 /* SDDemoUITests */ = {
			isa = PBXGroup;
			children = (
				A07662A126352EFE009C0192 /* SDDemoUITests.swift */,
				A07662A326352EFE009C0192 /* Info.plist */,
			);
			path = SDDemoUITests;
			sourceTree = "<group>";
		};
		A07662C8263536F7009C0192 /* Demo */ = {
			isa = PBXGroup;
			children = (
				A0214ABC26AFEDAF002876B6 /* Swift仿系统弹框 支持从左从右 上下弹出 */,
				A05BA70426AADE75005D08F5 /* swift仿多点TableView左右联动 */,
				A02F24F12655F7E1002614A0 /* swift用协议包装键盘通知 */,
				A07AEAD32647C38800BADB9F /* iOS仿QQ消息粘性视图 */,
				A08C135B2643B2CF002DD0A3 /* swift轮播图 */,
				A05D2E832637BB5300B61291 /* 仿系统钟表 */,
				A07662DC26353D98009C0192 /* 贝塞尔曲线上实现粒子动画 */,
				A07662C9263536F7009C0192 /* 仿Lottie播放动画 */,
			);
			path = Demo;
			sourceTree = "<group>";
		};
		A07662C9263536F7009C0192 /* 仿Lottie播放动画 */ = {
			isa = PBXGroup;
			children = (
				A07662CA26353712009C0192 /* SDPlayAnimationVC.swift */,
				A07662D226353733009C0192 /* SDPlayAnimationView.swift */,
			);
			path = "仿Lottie播放动画";
			sourceTree = "<group>";
		};
		A07662DC26353D98009C0192 /* 贝塞尔曲线上实现粒子动画 */ = {
			isa = PBXGroup;
			children = (
				A07662DD26353DD4009C0192 /* SDParticleAnimationsVC.swift */,
				A07662ED26353E6A009C0192 /* SDParticleAnimationsView.swift */,
			);
			path = "贝塞尔曲线上实现粒子动画";
			sourceTree = "<group>";
		};
		A07AEAD32647C38800BADB9F /* iOS仿QQ消息粘性视图 */ = {
			isa = PBXGroup;
			children = (
				A07AEAD42647C3BF00BADB9F /* SDQQBageValueVC.swift */,
				A07AEADF2647C43500BADB9F /* SDBageValueButton.swift */,
			);
			path = "iOS仿QQ消息粘性视图";
			sourceTree = "<group>";
		};
		A08C135B2643B2CF002DD0A3 /* swift轮播图 */ = {
			isa = PBXGroup;
			children = (
				A08C135E2643B345002DD0A3 /* SDCycleLayout.swift */,
				A08C135D2643B345002DD0A3 /* SDCycleView.swift */,
				A08C135F2643B345002DD0A3 /* SDCycleViewCell.swift */,
				A08C135C2643B345002DD0A3 /* SDPageControl.swift */,
				A08C13672643B448002DD0A3 /* SDSDCycleViewVC.swift */,
			);
			path = "swift轮播图";
			sourceTree = "<group>";
		};
/* End PBXGroup section */

/* Begin PBXNativeTarget section */
		A076627B26352EFC009C0192 /* SDDemo */ = {
			isa = PBXNativeTarget;
			buildConfigurationList = A07662A626352EFE009C0192 /* Build configuration list for PBXNativeTarget "SDDemo" */;
			buildPhases = (
				31D62F109FBE973C6989F9FF /* [CP] Check Pods Manifest.lock */,
				A076627826352EFC009C0192 /* Sources */,
				A076627926352EFC009C0192 /* Frameworks */,
				A076627A26352EFC009C0192 /* Resources */,
				8BD38ECEFE78982914122776 /* [CP] Embed Pods Frameworks */,
			);
			buildRules = (
			);
			dependencies = (
			);
			name = SDDemo;
			productName = SDDemo;
			productReference = A076627C26352EFC009C0192 /* SDDemo.app */;
			productType = "com.apple.product-type.application";
		};
		A076629126352EFE009C0192 /* SDDemoTests */ = {
			isa = PBXNativeTarget;
			buildConfigurationList = A07662A926352EFE009C0192 /* Build configuration list for PBXNativeTarget "SDDemoTests" */;
			buildPhases = (
				A076628E26352EFE009C0192 /* Sources */,
				A076628F26352EFE009C0192 /* Frameworks */,
				A076629026352EFE009C0192 /* Resources */,
			);
			buildRules = (
			);
			dependencies = (
				A076629426352EFE009C0192 /* PBXTargetDependency */,
			);
			name = SDDemoTests;
			productName = SDDemoTests;
			productReference = A076629226352EFE009C0192 /* SDDemoTests.xctest */;
			productType = "com.apple.product-type.bundle.unit-test";
		};
		A076629C26352EFE009C0192 /* SDDemoUITests */ = {
			isa = PBXNativeTarget;
			buildConfigurationList = A07662AC26352EFE009C0192 /* Build configuration list for PBXNativeTarget "SDDemoUITests" */;
			buildPhases = (
				A076629926352EFE009C0192 /* Sources */,
				A076629A26352EFE009C0192 /* Frameworks */,
				A076629B26352EFE009C0192 /* Resources */,
			);
			buildRules = (
			);
			dependencies = (
				A076629F26352EFE009C0192 /* PBXTargetDependency */,
			);
			name = SDDemoUITests;
			productName = SDDemoUITests;
			productReference = A076629D26352EFE009C0192 /* SDDemoUITests.xctest */;
			productType = "com.apple.product-type.bundle.ui-testing";
		};
/* End PBXNativeTarget section */

/* Begin PBXProject section */
		A076627426352EFC009C0192 /* Project object */ = {
			isa = PBXProject;
			attributes = {
				LastSwiftUpdateCheck = 1240;
				LastUpgradeCheck = 1240;
				TargetAttributes = {
					A076627B26352EFC009C0192 = {
						CreatedOnToolsVersion = 12.4;
					};
					A076629126352EFE009C0192 = {
						CreatedOnToolsVersion = 12.4;
						TestTargetID = A076627B26352EFC009C0192;
					};
					A076629C26352EFE009C0192 = {
						CreatedOnToolsVersion = 12.4;
						TestTargetID = A076627B26352EFC009C0192;
					};
				};
			};
			buildConfigurationList = A076627726352EFC009C0192 /* Build configuration list for PBXProject "SDDemo" */;
			compatibilityVersion = "Xcode 9.3";
			developmentRegion = en;
			hasScannedForEncodings = 0;
			knownRegions = (
				en,
				Base,
			);
			mainGroup = A076627326352EFC009C0192;
			productRefGroup = A076627D26352EFC009C0192 /* Products */;
			projectDirPath = "";
			projectRoot = "";
			targets = (
				A076627B26352EFC009C0192 /* SDDemo */,
				A076629126352EFE009C0192 /* SDDemoTests */,
				A076629C26352EFE009C0192 /* SDDemoUITests */,
			);
		};
/* End PBXProject section */

/* Begin PBXResourcesBuildPhase section */
		A076627A26352EFC009C0192 /* Resources */ = {
			isa = PBXResourcesBuildPhase;
			buildActionMask = 2147483647;
			files = (
				A05BA71826AADE97005D08F5 /* product_156.json in Resources */,
				A05BA71E26AADE97005D08F5 /* product_64.json in Resources */,
				A05BA72126AADE97005D08F5 /* product_66.json in Resources */,
				A05BA71B26AADE97005D08F5 /* product_132.json in Resources */,
				A05BA71D26AADE97005D08F5 /* product_154.json in Resources */,
				A05BA71926AADE97005D08F5 /* product_117.json in Resources */,
				A05BA72426AADE97005D08F5 /* product_167.json in Resources */,
				A05BA70626AADE86005D08F5 /* category.json in Resources */,
				A076628C26352EFE009C0192 /* LaunchScreen.storyboard in Resources */,
				A05BA72526AADE97005D08F5 /* product_152.json in Resources */,
				A05BA71F26AADE97005D08F5 /* product_118.json in Resources */,
				A05BA71A26AADE97005D08F5 /* product_61.json in Resources */,
				A05BA71C26AADE97005D08F5 /* product_158.json in Resources */,
				A05BA72326AADE97005D08F5 /* product_131.json in Resources */,
				A076628926352EFE009C0192 /* Assets.xcassets in Resources */,
				A05BA72026AADE97005D08F5 /* product_133.json in Resources */,
				A05BA72226AADE97005D08F5 /* product_77.json in Resources */,
			);
			runOnlyForDeploymentPostprocessing = 0;
		};
		A076629026352EFE009C0192 /* Resources */ = {
			isa = PBXResourcesBuildPhase;
			buildActionMask = 2147483647;
			files = (
			);
			runOnlyForDeploymentPostprocessing = 0;
		};
		A076629B26352EFE009C0192 /* Resources */ = {
			isa = PBXResourcesBuildPhase;
			buildActionMask = 2147483647;
			files = (
			);
			runOnlyForDeploymentPostprocessing = 0;
		};
/* End PBXResourcesBuildPhase section */

/* Begin PBXShellScriptBuildPhase section */
		31D62F109FBE973C6989F9FF /* [CP] Check Pods Manifest.lock */ = {
			isa = PBXShellScriptBuildPhase;
			buildActionMask = 2147483647;
			files = (
			);
			inputFileListPaths = (
			);
			inputPaths = (
				"${PODS_PODFILE_DIR_PATH}/Podfile.lock",
				"${PODS_ROOT}/Manifest.lock",
			);
			name = "[CP] Check Pods Manifest.lock";
			outputFileListPaths = (
			);
			outputPaths = (
				"$(DERIVED_FILE_DIR)/Pods-SDDemo-checkManifestLockResult.txt",
			);
			runOnlyForDeploymentPostprocessing = 0;
			shellPath = /bin/sh;
			shellScript = "diff \"${PODS_PODFILE_DIR_PATH}/Podfile.lock\" \"${PODS_ROOT}/Manifest.lock\" > /dev/null\nif [ $? != 0 ] ; then\n    # print error to STDERR\n    echo \"error: The sandbox is not in sync with the Podfile.lock. Run 'pod install' or update your CocoaPods installation.\" >&2\n    exit 1\nfi\n# This output is used by Xcode 'outputs' to avoid re-running this script phase.\necho \"SUCCESS\" > \"${SCRIPT_OUTPUT_FILE_0}\"\n";
			showEnvVarsInLog = 0;
		};
		8BD38ECEFE78982914122776 /* [CP] Embed Pods Frameworks */ = {
			isa = PBXShellScriptBuildPhase;
			buildActionMask = 2147483647;
			files = (
			);
			inputFileListPaths = (
				"${PODS_ROOT}/Target Support Files/Pods-SDDemo/Pods-SDDemo-frameworks-${CONFIGURATION}-input-files.xcfilelist",
			);
			name = "[CP] Embed Pods Frameworks";
			outputFileListPaths = (
				"${PODS_ROOT}/Target Support Files/Pods-SDDemo/Pods-SDDemo-frameworks-${CONFIGURATION}-output-files.xcfilelist",
			);
			runOnlyForDeploymentPostprocessing = 0;
			shellPath = /bin/sh;
			shellScript = "\"${PODS_ROOT}/Target Support Files/Pods-SDDemo/Pods-SDDemo-frameworks.sh\"\n";
			showEnvVarsInLog = 0;
		};
/* End PBXShellScriptBuildPhase section */

/* Begin PBXSourcesBuildPhase section */
		A076627826352EFC009C0192 /* Sources */ = {
			isa = PBXSourcesBuildPhase;
			buildActionMask = 2147483647;
			files = (
				A0214B2B26AFEDB0002876B6 /* JXSegmentedTitleAttributeCell.swift in Sources */,
				A0214B1126AFEDB0002876B6 /* JXSegmentedIndicatorBackgroundView.swift in Sources */,
				A0214AFC26AFEDAF002876B6 /* SDAlertAnimation.swift in Sources */,
				A05D2E8D2637BCF400B61291 /* SDClockView.swift in Sources */,
				A0214B1326AFEDB0002876B6 /* JXSegmentedIndicatorProtocol.swift in Sources */,
				A0214B0C26AFEDAF002876B6 /* JXSegmentedIndicatorBaseView.swift in Sources */,
				A05BA72A26AADEBC005D08F5 /* SDUIColor+Basic.swift in Sources */,
				A05BA74226AADF90005D08F5 /* SDColor.swift in Sources */,
				A0214B0326AFEDAF002876B6 /* JXSegmentedTitleOrImageCell.swift in Sources */,
				A0214B1626AFEDB0002876B6 /* JXSegmentedDotCell.swift in Sources */,
				A05BA74E26AAE0CB005D08F5 /* SDUIView+Basic.swift in Sources */,
				A0214B2E26AFEDB0002876B6 /* SDActionSheetView.swift in Sources */,
				A0214B0226AFEDAF002876B6 /* JXSegmentedTitleOrImageDataSource.swift in Sources */,
				A0214B2626AFEDB0002876B6 /* JXSegmentedRTLLayout.swift in Sources */,
				A07662E626353E13009C0192 /* SDBaseVC.swift in Sources */,
				A0214B1F26AFEDB0002876B6 /* JXSegmentedTitleGradientDataSource.swift in Sources */,
				A0214B1E26AFEDB0002876B6 /* JXSegmentedTitleDataSource.swift in Sources */,
				A0214B0026AFEDAF002876B6 /* SDOverlayView.swift in Sources */,
				A0214B1526AFEDB0002876B6 /* JXSegmentedComponetGradientView.swift in Sources */,
				A0214B2726AFEDB0002876B6 /* JXSegmentedAnimator.swift in Sources */,
				A0214B1926AFEDB0002876B6 /* JXSegmentedTitleImageCell.swift in Sources */,
				A0214B2426AFEDB0002876B6 /* JXSegmentedNumberCell.swift in Sources */,
				A0214AFE26AFEDAF002876B6 /* SDCustomAlertController.swift in Sources */,
				A08C13632643B345002DD0A3 /* SDCycleViewCell.swift in Sources */,
				A0214B0B26AFEDAF002876B6 /* JXSegmentedIndicatorTriangleView.swift in Sources */,
				A0214B1D26AFEDB0002876B6 /* JXSegmentedTitleItemModel.swift in Sources */,
				A07662CB26353712009C0192 /* SDPlayAnimationVC.swift in Sources */,
				A0214B1226AFEDB0002876B6 /* JXSegmentedIndicatorLineView.swift in Sources */,
				A07662EE26353E6A009C0192 /* SDParticleAnimationsView.swift in Sources */,
				A0214B0626AFEDAF002876B6 /* JXSegmentedBaseCell.swift in Sources */,
				A05D2E852637BB7700B61291 /* SDClockVC.swift in Sources */,
				A0214B0E26AFEDAF002876B6 /* JXSegmentedIndicatorGradientLineView.swift in Sources */,
				A0214AFF26AFEDAF002876B6 /* SDInteractiveTransition.swift in Sources */,
				A05D2EA42637D4F600B61291 /* SDTimerObserver.swift in Sources */,
				A0214B2C26AFEDB0002876B6 /* SDSpecialActionSheetView.swift in Sources */,
				A0214B1B26AFEDB0002876B6 /* JXSegmentedTitleImageDataSource.swift in Sources */,
				A0214AFD26AFEDAF002876B6 /* SDAlertPresentationController.swift in Sources */,
				A07662C4263531B2009C0192 /* SDDemoModel.swift in Sources */,
				A02F24FE2655F848002614A0 /* SDKeyboardProtocol.swift in Sources */,
				A034F655263911680096D7D2 /* Extension+Array.swift in Sources */,
				A0214B0A26AFEDAF002876B6 /* JXSegmentedIndicatorGradientView.swift in Sources */,
				A0214B0726AFEDAF002876B6 /* JXSegmentedCollectionView.swift in Sources */,
				A08C13622643B345002DD0A3 /* SDCycleLayout.swift in Sources */,
				A07AEAD52647C3BF00BADB9F /* SDQQBageValueVC.swift in Sources */,
				A05BA73726AADF1B005D08F5 /* MallSpuLeftView.swift in Sources */,
				A0214B2326AFEDB0002876B6 /* JXSegmentedNumberItemModel.swift in Sources */,
				A0214B0D26AFEDAF002876B6 /* JXSegmentedIndicatorRainbowLineView.swift in Sources */,
				A05BA73326AADF1B005D08F5 /* MallCategoryModel.swift in Sources */,
				A0214B3326AFEEC8002876B6 /* SDAlterVC.swift in Sources */,
				A0214B0526AFEDAF002876B6 /* JXSegmentedBaseItemModel.swift in Sources */,
				A0214B1726AFEDB0002876B6 /* JXSegmentedDotDataSource.swift in Sources */,
				A0214B0826AFEDAF002876B6 /* JXSegmentedView.swift in Sources */,
				A0214B0426AFEDAF002876B6 /* JXSegmentedBaseDataSource.swift in Sources */,
				A07AEAE02647C43500BADB9F /* SDBageValueButton.swift in Sources */,
				A0214B0F26AFEDB0002876B6 /* JXSegmentedIndicatorParams.swift in Sources */,
				A05BA73526AADF1B005D08F5 /* MallChildProductListVC.swift in Sources */,
				A08C13612643B345002DD0A3 /* SDCycleView.swift in Sources */,
				A05BA73426AADF1B005D08F5 /* MallChildProductCell.swift in Sources */,
				A0214B1C26AFEDB0002876B6 /* JXSegmentedTitleCell.swift in Sources */,
				A0214B1A26AFEDB0002876B6 /* JXSegmentedTitleImageItemModel.swift in Sources */,
				A0214B1426AFEDB0002876B6 /* JXSegmentedIndicatorDoubleLineView.swift in Sources */,
				A08C13602643B345002DD0A3 /* SDPageControl.swift in Sources */,
				A0214B2226AFEDB0002876B6 /* JXSegmentedNumberDataSource.swift in Sources */,
				A0214B2926AFEDB0002876B6 /* JXSegmentedTitleAttributeDataSource.swift in Sources */,
				A0214B0126AFEDAF002876B6 /* JXSegmentedTitleOrImageItemModel.swift in Sources */,
				A07662DE26353DD4009C0192 /* SDParticleAnimationsVC.swift in Sources */,
				A0214B2826AFEDB0002876B6 /* JXSegmentedViewTool.swift in Sources */,
				A0214B2A26AFEDB0002876B6 /* JXSegmentedTitleAttributeItemModel.swift in Sources */,
				A0214B0926AFEDAF002876B6 /* JXSegmentedIndicatorDotLineView.swift in Sources */,
				A0214B2126AFEDB0002876B6 /* JXSegmentedTitleGradientItemModel.swift in Sources */,
				A076628426352EFC009C0192 /* SDDemoVC.swift in Sources */,
				A07662D326353733009C0192 /* SDPlayAnimationView.swift in Sources */,
				A0214B2026AFEDB0002876B6 /* JXSegmentedTitleGradientCell.swift in Sources */,
				A0214B1026AFEDB0002876B6 /* JXSegmentedIndicatorImageView.swift in Sources */,
				A05BA73626AADF1B005D08F5 /* MallTabBarVC.swift in Sources */,
				A0214B2526AFEDB0002876B6 /* JXSegmentedListContainerView.swift in Sources */,
				A02F24F32655F81C002614A0 /* SDKeyboardProtocolVC.swift in Sources */,
				A0214B1826AFEDB0002876B6 /* JXSegmentedDotItemModel.swift in Sources */,
				A076628026352EFC009C0192 /* AppDelegate.swift in Sources */,
				A08C13682643B448002DD0A3 /* SDSDCycleViewVC.swift in Sources */,
			);
			runOnlyForDeploymentPostprocessing = 0;
		};
		A076628E26352EFE009C0192 /* Sources */ = {
			isa = PBXSourcesBuildPhase;
			buildActionMask = 2147483647;
			files = (
				A076629726352EFE009C0192 /* SDDemoTests.swift in Sources */,
			);
			runOnlyForDeploymentPostprocessing = 0;
		};
		A076629926352EFE009C0192 /* Sources */ = {
			isa = PBXSourcesBuildPhase;
			buildActionMask = 2147483647;
			files = (
				A07662A226352EFE009C0192 /* SDDemoUITests.swift in Sources */,
			);
			runOnlyForDeploymentPostprocessing = 0;
		};
/* End PBXSourcesBuildPhase section */

/* Begin PBXTargetDependency section */
		A076629426352EFE009C0192 /* PBXTargetDependency */ = {
			isa = PBXTargetDependency;
			target = A076627B26352EFC009C0192 /* SDDemo */;
			targetProxy = A076629326352EFE009C0192 /* PBXContainerItemProxy */;
		};
		A076629F26352EFE009C0192 /* PBXTargetDependency */ = {
			isa = PBXTargetDependency;
			target = A076627B26352EFC009C0192 /* SDDemo */;
			targetProxy = A076629E26352EFE009C0192 /* PBXContainerItemProxy */;
		};
/* End PBXTargetDependency section */

/* Begin PBXVariantGroup section */
		A076628A26352EFE009C0192 /* LaunchScreen.storyboard */ = {
			isa = PBXVariantGroup;
			children = (
				A076628B26352EFE009C0192 /* Base */,
			);
			name = LaunchScreen.storyboard;
			sourceTree = "<group>";
		};
/* End PBXVariantGroup section */

/* Begin XCBuildConfiguration section */
		A07662A426352EFE009C0192 /* Debug */ = {
			isa = XCBuildConfiguration;
			buildSettings = {
				ALWAYS_SEARCH_USER_PATHS = NO;
				CLANG_ANALYZER_NONNULL = YES;
				CLANG_ANALYZER_NUMBER_OBJECT_CONVERSION = YES_AGGRESSIVE;
				CLANG_CXX_LANGUAGE_STANDARD = "gnu++14";
				CLANG_CXX_LIBRARY = "libc++";
				CLANG_ENABLE_MODULES = YES;
				CLANG_ENABLE_OBJC_ARC = YES;
				CLANG_ENABLE_OBJC_WEAK = YES;
				CLANG_WARN_BLOCK_CAPTURE_AUTORELEASING = YES;
				CLANG_WARN_BOOL_CONVERSION = YES;
				CLANG_WARN_COMMA = YES;
				CLANG_WARN_CONSTANT_CONVERSION = YES;
				CLANG_WARN_DEPRECATED_OBJC_IMPLEMENTATIONS = YES;
				CLANG_WARN_DIRECT_OBJC_ISA_USAGE = YES_ERROR;
				CLANG_WARN_DOCUMENTATION_COMMENTS = YES;
				CLANG_WARN_EMPTY_BODY = YES;
				CLANG_WARN_ENUM_CONVERSION = YES;
				CLANG_WARN_INFINITE_RECURSION = YES;
				CLANG_WARN_INT_CONVERSION = YES;
				CLANG_WARN_NON_LITERAL_NULL_CONVERSION = YES;
				CLANG_WARN_OBJC_IMPLICIT_RETAIN_SELF = YES;
				CLANG_WARN_OBJC_LITERAL_CONVERSION = YES;
				CLANG_WARN_OBJC_ROOT_CLASS = YES_ERROR;
				CLANG_WARN_QUOTED_INCLUDE_IN_FRAMEWORK_HEADER = YES;
				CLANG_WARN_RANGE_LOOP_ANALYSIS = YES;
				CLANG_WARN_STRICT_PROTOTYPES = YES;
				CLANG_WARN_SUSPICIOUS_MOVE = YES;
				CLANG_WARN_UNGUARDED_AVAILABILITY = YES_AGGRESSIVE;
				CLANG_WARN_UNREACHABLE_CODE = YES;
				CLANG_WARN__DUPLICATE_METHOD_MATCH = YES;
				COPY_PHASE_STRIP = NO;
				DEBUG_INFORMATION_FORMAT = dwarf;
				ENABLE_STRICT_OBJC_MSGSEND = YES;
				ENABLE_TESTABILITY = YES;
				GCC_C_LANGUAGE_STANDARD = gnu11;
				GCC_DYNAMIC_NO_PIC = NO;
				GCC_NO_COMMON_BLOCKS = YES;
				GCC_OPTIMIZATION_LEVEL = 0;
				GCC_PREPROCESSOR_DEFINITIONS = (
					"DEBUG=1",
					"$(inherited)",
				);
				GCC_WARN_64_TO_32_BIT_CONVERSION = YES;
				GCC_WARN_ABOUT_RETURN_TYPE = YES_ERROR;
				GCC_WARN_UNDECLARED_SELECTOR = YES;
				GCC_WARN_UNINITIALIZED_AUTOS = YES_AGGRESSIVE;
				GCC_WARN_UNUSED_FUNCTION = YES;
				GCC_WARN_UNUSED_VARIABLE = YES;
				IPHONEOS_DEPLOYMENT_TARGET = 14.4;
				MTL_ENABLE_DEBUG_INFO = INCLUDE_SOURCE;
				MTL_FAST_MATH = YES;
				ONLY_ACTIVE_ARCH = YES;
				SDKROOT = iphoneos;
				SWIFT_ACTIVE_COMPILATION_CONDITIONS = DEBUG;
				SWIFT_OPTIMIZATION_LEVEL = "-Onone";
			};
			name = Debug;
		};
		A07662A526352EFE009C0192 /* Release */ = {
			isa = XCBuildConfiguration;
			buildSettings = {
				ALWAYS_SEARCH_USER_PATHS = NO;
				CLANG_ANALYZER_NONNULL = YES;
				CLANG_ANALYZER_NUMBER_OBJECT_CONVERSION = YES_AGGRESSIVE;
				CLANG_CXX_LANGUAGE_STANDARD = "gnu++14";
				CLANG_CXX_LIBRARY = "libc++";
				CLANG_ENABLE_MODULES = YES;
				CLANG_ENABLE_OBJC_ARC = YES;
				CLANG_ENABLE_OBJC_WEAK = YES;
				CLANG_WARN_BLOCK_CAPTURE_AUTORELEASING = YES;
				CLANG_WARN_BOOL_CONVERSION = YES;
				CLANG_WARN_COMMA = YES;
				CLANG_WARN_CONSTANT_CONVERSION = YES;
				CLANG_WARN_DEPRECATED_OBJC_IMPLEMENTATIONS = YES;
				CLANG_WARN_DIRECT_OBJC_ISA_USAGE = YES_ERROR;
				CLANG_WARN_DOCUMENTATION_COMMENTS = YES;
				CLANG_WARN_EMPTY_BODY = YES;
				CLANG_WARN_ENUM_CONVERSION = YES;
				CLANG_WARN_INFINITE_RECURSION = YES;
				CLANG_WARN_INT_CONVERSION = YES;
				CLANG_WARN_NON_LITERAL_NULL_CONVERSION = YES;
				CLANG_WARN_OBJC_IMPLICIT_RETAIN_SELF = YES;
				CLANG_WARN_OBJC_LITERAL_CONVERSION = YES;
				CLANG_WARN_OBJC_ROOT_CLASS = YES_ERROR;
				CLANG_WARN_QUOTED_INCLUDE_IN_FRAMEWORK_HEADER = YES;
				CLANG_WARN_RANGE_LOOP_ANALYSIS = YES;
				CLANG_WARN_STRICT_PROTOTYPES = YES;
				CLANG_WARN_SUSPICIOUS_MOVE = YES;
				CLANG_WARN_UNGUARDED_AVAILABILITY = YES_AGGRESSIVE;
				CLANG_WARN_UNREACHABLE_CODE = YES;
				CLANG_WARN__DUPLICATE_METHOD_MATCH = YES;
				COPY_PHASE_STRIP = NO;
				DEBUG_INFORMATION_FORMAT = "dwarf-with-dsym";
				ENABLE_NS_ASSERTIONS = NO;
				ENABLE_STRICT_OBJC_MSGSEND = YES;
				GCC_C_LANGUAGE_STANDARD = gnu11;
				GCC_NO_COMMON_BLOCKS = YES;
				GCC_WARN_64_TO_32_BIT_CONVERSION = YES;
				GCC_WARN_ABOUT_RETURN_TYPE = YES_ERROR;
				GCC_WARN_UNDECLARED_SELECTOR = YES;
				GCC_WARN_UNINITIALIZED_AUTOS = YES_AGGRESSIVE;
				GCC_WARN_UNUSED_FUNCTION = YES;
				GCC_WARN_UNUSED_VARIABLE = YES;
				IPHONEOS_DEPLOYMENT_TARGET = 14.4;
				MTL_ENABLE_DEBUG_INFO = NO;
				MTL_FAST_MATH = YES;
				SDKROOT = iphoneos;
				SWIFT_COMPILATION_MODE = wholemodule;
				SWIFT_OPTIMIZATION_LEVEL = "-O";
				VALIDATE_PRODUCT = YES;
			};
			name = Release;
		};
		A07662A726352EFE009C0192 /* Debug */ = {
			isa = XCBuildConfiguration;
			baseConfigurationReference = 2403F3DC6FA3A2640B78AFF4 /* Pods-SDDemo.debug.xcconfig */;
			buildSettings = {
				ASSETCATALOG_COMPILER_APPICON_NAME = AppIcon;
				ASSETCATALOG_COMPILER_GLOBAL_ACCENT_COLOR_NAME = AccentColor;
				CODE_SIGN_IDENTITY = "iPhone Developer";
				CODE_SIGN_STYLE = Manual;
				DEVELOPMENT_TEAM = VMTN98C772;
				INFOPLIST_FILE = SDDemo/Info.plist;
				IPHONEOS_DEPLOYMENT_TARGET = 13.0;
				LD_RUNPATH_SEARCH_PATHS = (
					"$(inherited)",
					"@executable_path/Frameworks",
				);
				PRODUCT_BUNDLE_IDENTIFIER = com.sunland.SDDemo;
				PRODUCT_NAME = "$(TARGET_NAME)";
				PROVISIONING_PROFILE_SPECIFIER = xcode_universal_210322_comsunland;
				SWIFT_VERSION = 5.0;
				TARGETED_DEVICE_FAMILY = "1,2";
			};
			name = Debug;
		};
		A07662A826352EFE009C0192 /* Release */ = {
			isa = XCBuildConfiguration;
			baseConfigurationReference = E3AAAC1CC4D21D7DC3963FC3 /* Pods-SDDemo.release.xcconfig */;
			buildSettings = {
				ASSETCATALOG_COMPILER_APPICON_NAME = AppIcon;
				ASSETCATALOG_COMPILER_GLOBAL_ACCENT_COLOR_NAME = AccentColor;
				CODE_SIGN_IDENTITY = "iPhone Developer";
				CODE_SIGN_STYLE = Manual;
				DEVELOPMENT_TEAM = VMTN98C772;
				INFOPLIST_FILE = SDDemo/Info.plist;
				IPHONEOS_DEPLOYMENT_TARGET = 13.0;
				LD_RUNPATH_SEARCH_PATHS = (
					"$(inherited)",
					"@executable_path/Frameworks",
				);
				PRODUCT_BUNDLE_IDENTIFIER = com.sunland.SDDemo;
				PRODUCT_NAME = "$(TARGET_NAME)";
				PROVISIONING_PROFILE_SPECIFIER = xcode_universal_210322_comsunland;
				SWIFT_VERSION = 5.0;
				TARGETED_DEVICE_FAMILY = "1,2";
			};
			name = Release;
		};
		A07662AA26352EFE009C0192 /* Debug */ = {
			isa = XCBuildConfiguration;
			buildSettings = {
				ALWAYS_EMBED_SWIFT_STANDARD_LIBRARIES = YES;
				BUNDLE_LOADER = "$(TEST_HOST)";
				CODE_SIGN_STYLE = Automatic;
				INFOPLIST_FILE = SDDemoTests/Info.plist;
				IPHONEOS_DEPLOYMENT_TARGET = 14.4;
				LD_RUNPATH_SEARCH_PATHS = (
					"$(inherited)",
					"@executable_path/Frameworks",
					"@loader_path/Frameworks",
				);
				PRODUCT_BUNDLE_IDENTIFIER = sunlands.com.SDDemoTests;
				PRODUCT_NAME = "$(TARGET_NAME)";
				SWIFT_VERSION = 5.0;
				TARGETED_DEVICE_FAMILY = "1,2";
				TEST_HOST = "$(BUILT_PRODUCTS_DIR)/SDDemo.app/SDDemo";
			};
			name = Debug;
		};
		A07662AB26352EFE009C0192 /* Release */ = {
			isa = XCBuildConfiguration;
			buildSettings = {
				ALWAYS_EMBED_SWIFT_STANDARD_LIBRARIES = YES;
				BUNDLE_LOADER = "$(TEST_HOST)";
				CODE_SIGN_STYLE = Automatic;
				INFOPLIST_FILE = SDDemoTests/Info.plist;
				IPHONEOS_DEPLOYMENT_TARGET = 14.4;
				LD_RUNPATH_SEARCH_PATHS = (
					"$(inherited)",
					"@executable_path/Frameworks",
					"@loader_path/Frameworks",
				);
				PRODUCT_BUNDLE_IDENTIFIER = sunlands.com.SDDemoTests;
				PRODUCT_NAME = "$(TARGET_NAME)";
				SWIFT_VERSION = 5.0;
				TARGETED_DEVICE_FAMILY = "1,2";
				TEST_HOST = "$(BUILT_PRODUCTS_DIR)/SDDemo.app/SDDemo";
			};
			name = Release;
		};
		A07662AD26352EFE009C0192 /* Debug */ = {
			isa = XCBuildConfiguration;
			buildSettings = {
				ALWAYS_EMBED_SWIFT_STANDARD_LIBRARIES = YES;
				CODE_SIGN_STYLE = Automatic;
				INFOPLIST_FILE = SDDemoUITests/Info.plist;
				LD_RUNPATH_SEARCH_PATHS = (
					"$(inherited)",
					"@executable_path/Frameworks",
					"@loader_path/Frameworks",
				);
				PRODUCT_BUNDLE_IDENTIFIER = sunlands.com.SDDemoUITests;
				PRODUCT_NAME = "$(TARGET_NAME)";
				SWIFT_VERSION = 5.0;
				TARGETED_DEVICE_FAMILY = "1,2";
				TEST_TARGET_NAME = SDDemo;
			};
			name = Debug;
		};
		A07662AE26352EFE009C0192 /* Release */ = {
			isa = XCBuildConfiguration;
			buildSettings = {
				ALWAYS_EMBED_SWIFT_STANDARD_LIBRARIES = YES;
				CODE_SIGN_STYLE = Automatic;
				INFOPLIST_FILE = SDDemoUITests/Info.plist;
				LD_RUNPATH_SEARCH_PATHS = (
					"$(inherited)",
					"@executable_path/Frameworks",
					"@loader_path/Frameworks",
				);
				PRODUCT_BUNDLE_IDENTIFIER = sunlands.com.SDDemoUITests;
				PRODUCT_NAME = "$(TARGET_NAME)";
				SWIFT_VERSION = 5.0;
				TARGETED_DEVICE_FAMILY = "1,2";
				TEST_TARGET_NAME = SDDemo;
			};
			name = Release;
		};
/* End XCBuildConfiguration section */

/* Begin XCConfigurationList section */
		A076627726352EFC009C0192 /* Build configuration list for PBXProject "SDDemo" */ = {
			isa = XCConfigurationList;
			buildConfigurations = (
				A07662A426352EFE009C0192 /* Debug */,
				A07662A526352EFE009C0192 /* Release */,
			);
			defaultConfigurationIsVisible = 0;
			defaultConfigurationName = Release;
		};
		A07662A626352EFE009C0192 /* Build configuration list for PBXNativeTarget "SDDemo" */ = {
			isa = XCConfigurationList;
			buildConfigurations = (
				A07662A726352EFE009C0192 /* Debug */,
				A07662A826352EFE009C0192 /* Release */,
			);
			defaultConfigurationIsVisible = 0;
			defaultConfigurationName = Release;
		};
		A07662A926352EFE009C0192 /* Build configuration list for PBXNativeTarget "SDDemoTests" */ = {
			isa = XCConfigurationList;
			buildConfigurations = (
				A07662AA26352EFE009C0192 /* Debug */,
				A07662AB26352EFE009C0192 /* Release */,
			);
			defaultConfigurationIsVisible = 0;
			defaultConfigurationName = Release;
		};
		A07662AC26352EFE009C0192 /* Build configuration list for PBXNativeTarget "SDDemoUITests" */ = {
			isa = XCConfigurationList;
			buildConfigurations = (
				A07662AD26352EFE009C0192 /* Debug */,
				A07662AE26352EFE009C0192 /* Release */,
			);
			defaultConfigurationIsVisible = 0;
			defaultConfigurationName = Release;
		};
/* End XCConfigurationList section */
	};
	rootObject = A076627426352EFC009C0192 /* Project object */;
}
